# This file is automatically @generated by Cargo.
# It is not intended for manual editing.
version = 3

[[package]]
name = "bench-hash"
version = "0.1.0"

[[package]]
name = "bench-wasm-native-hash"
version = "0.1.0"

[[package]]
name = "hash-libs"
version = "0.1.0"

[[package]]
name = "wasm"
version = "0.1.0"

[[package]]
name = "wasm-bindgen"
version = "0.1.0"
